<?xml version="1.0" encoding="utf-8"?>
<Project ToolsVersion="4.0" xmlns="http://schemas.microsoft.com/developer/msbuild/2003">
  <ItemGroup>
    <Filter Include="Source Files">
      <UniqueIdentifier>{4FC737F1-C7A5-4376-A066-2A32D752A2FF}</UniqueIdentifier>
      <Extensions>cpp;c;cc;cxx;def;odl;idl;hpj;bat;asm;asmx</Extensions>
    </Filter>
    <Filter Include="Header Files">
      <UniqueIdentifier>{93995380-89BD-4b04-88EB-625FBE52EBFB}</UniqueIdentifier>
      <Extensions>h;hh;hpp;hxx;hm;inl;inc;xsd</Extensions>
    </Filter>
    <Filter Include="Resource Files">
      <UniqueIdentifier>{67DA6AB6-F800-4c08-8B7A-83BB121AAD01}</UniqueIdentifier>
      <Extensions>rc;ico;cur;bmp;dlg;rc2;rct;bin;rgs;gif;jpg;jpeg;jpe;resx;tiff;tif;png;wav;mfcribbon-ms</Extensions>
    </Filter>
    <Filter Include="Header Files\Expressions">
      <UniqueIdentifier>{64b4f97c-2bfd-4c61-a886-b391edaa8f79}</UniqueIdentifier>
    </Filter>
    <Filter Include="Header Files\Statements">
      <UniqueIdentifier>{a0c45135-a326-49fb-9714-5d3af22ff00d}</UniqueIdentifier>
    </Filter>
    <Filter Include="Header Files\Operators">
      <UniqueIdentifier>{00456364-cc89-479c-83e3-250756963d2d}</UniqueIdentifier>
    </Filter>
    <Filter Include="Source Files\Operators">
      <UniqueIdentifier>{9db552a6-8ac0-49e1-8484-5e5c02835a22}</UniqueIdentifier>
    </Filter>
    <Filter Include="Source Files\Expressions">
      <UniqueIdentifier>{f09d6eae-e0d8-4fa7-9831-792c0d338d40}</UniqueIdentifier>
    </Filter>
    <Filter Include="Source Files\Statements">
      <UniqueIdentifier>{7bdd458c-ef41-43d7-8b9c-5bbc1ccb3693}</UniqueIdentifier>
    </Filter>
  </ItemGroup>
  <ItemGroup>
    <ClInclude Include="LiteralType.h">
      <Filter>Header Files</Filter>
    </ClInclude>
    <ClInclude Include="ProgramOptions.h">
      <Filter>Header Files</Filter>
    </ClInclude>
    <ClInclude Include="RandomGenerator.h">
      <Filter>Header Files</Filter>
    </ClInclude>
    <ClInclude Include="TokenSelector.h">
      <Filter>Header Files</Filter>
    </ClInclude>
    <ClInclude Include="Memory.h">
      <Filter>Header Files</Filter>
    </ClInclude>
    <ClInclude Include="Expression.h">
      <Filter>Header Files\Expressions</Filter>
    </ClInclude>
    <ClInclude Include="Statement.h">
      <Filter>Header Files\Statements</Filter>
    </ClInclude>
    <ClInclude Include="Operator.h">
      <Filter>Header Files\Operators</Filter>
    </ClInclude>
    <ClInclude Include="OperatorRequirement.h">
      <Filter>Header Files\Operators</Filter>
    </ClInclude>
    <ClInclude Include="AssignmentOperator.h">
      <Filter>Header Files\Operators</Filter>
    </ClInclude>
    <ClInclude Include="Program.h">
      <Filter>Header Files</Filter>
    </ClInclude>
    <ClInclude Include="Variable.h">
      <Filter>Header Files</Filter>
    </ClInclude>
    <ClInclude Include="IVariable.h">
      <Filter>Header Files</Filter>
    </ClInclude>
    <ClInclude Include="VariableDeclaration.h">
      <Filter>Header Files\Statements</Filter>
    </ClInclude>
    <ClInclude Include="IScope.h">
      <Filter>Header Files</Filter>
    </ClInclude>
    <ClInclude Include="Global.h">
      <Filter>Header Files</Filter>
    </ClInclude>
    <ClInclude Include="GlobalFunction.h">
      <Filter>Header Files</Filter>
    </ClInclude>
    <ClInclude Include="GlobalOverride.h">
      <Filter>Header Files</Filter>
    </ClInclude>
    <ClInclude Include="GlobalClass.h">
      <Filter>Header Files</Filter>
    </ClInclude>
    <ClInclude Include="GlobalVariable.h">
      <Filter>Header Files</Filter>
    </ClInclude>
    <ClInclude Include="Block.h">
      <Filter>Header Files\Statements</Filter>
    </ClInclude>
    <ClInclude Include="Literal.h">
      <Filter>Header Files\Expressions</Filter>
    </ClInclude>
    <ClInclude Include="BinaryOperator.h">
      <Filter>Header Files\Operators</Filter>
    </ClInclude>
    <ClInclude Include="UnaryOperator.h">
      <Filter>Header Files\Operators</Filter>
    </ClInclude>
    <ClInclude Include="BinaryExpression.h">
      <Filter>Header Files\Expressions</Filter>
    </ClInclude>
    <ClInclude Include="UnaryExpression.h">
      <Filter>Header Files\Expressions</Filter>
    </ClInclude>
    <ClInclude Include="ProgramFactory.h">
      <Filter>Header Files</Filter>
    </ClInclude>
    <ClInclude Include="CodeStatement.h">
      <Filter>Header Files\Statements</Filter>
    </ClInclude>
    <ClInclude Include="RandomUtility.h">
      <Filter>Header Files</Filter>
    </ClInclude>
    <ClInclude Include="OutputStatement.h">
      <Filter>Header Files\Statements</Filter>
    </ClInclude>
    <ClInclude Include="VariableExpression.h">
      <Filter>Header Files\Expressions</Filter>
    </ClInclude>
    <ClInclude Include="ExpressionType.h">
      <Filter>Header Files</Filter>
    </ClInclude>
    <ClInclude Include="VariableSelector.h">
      <Filter>Header Files</Filter>
    </ClInclude>
    <ClInclude Include="TernaryExpression.h">
      <Filter>Header Files\Expressions</Filter>
    </ClInclude>
    <ClInclude Include="EvalExpression.h">
      <Filter>Header Files\Expressions</Filter>
    </ClInclude>
    <ClInclude Include="VariableInvocationExpression.h">
      <Filter>Header Files\Expressions</Filter>
    </ClInclude>
    <ClInclude Include="FunctionInvocationExpression.h">
      <Filter>Header Files\Expressions</Filter>
    </ClInclude>
    <ClInclude Include="FunctionExpression.h">
      <Filter>Header Files\Expressions</Filter>
    </ClInclude>
    <ClInclude Include="ObjectSetExpression.h">
      <Filter>Header Files\Expressions</Filter>
    </ClInclude>
    <ClInclude Include="ObjectConstructorExpression.h">
      <Filter>Header Files\Expressions</Filter>
    </ClInclude>
    <ClInclude Include="AssignmentExpression.h">
      <Filter>Header Files\Expressions</Filter>
    </ClInclude>
    <ClInclude Include="StatementType.h">
      <Filter>Header Files</Filter>
    </ClInclude>
    <ClInclude Include="NumericLiteral.h">
      <Filter>Header Files\Expressions</Filter>
    </ClInclude>
    <ClInclude Include="TryCatchStatement.h">
      <Filter>Header Files\Statements</Filter>
    </ClInclude>
    <ClInclude Include="NumericLiteralType.h">
      <Filter>Header Files</Filter>
    </ClInclude>
    <ClInclude Include="Enum.h">
      <Filter>Header Files</Filter>
    </ClInclude>
    <ClInclude Include="GlobalFunctionExpression.h">
      <Filter>Header Files\Expressions</Filter>
    </ClInclude>
    <ClInclude Include="ObjectLiteral.h">
      <Filter>Header Files\Expressions</Filter>
    </ClInclude>
    <ClInclude Include="FunctionBody.h">
      <Filter>Header Files\Statements</Filter>
    </ClInclude>
    <ClInclude Include="NumericExpression.h">
      <Filter>Header Files\Expressions</Filter>
    </ClInclude>
    <ClInclude Include="NonZeroExpression.h">
      <Filter>Header Files\Expressions</Filter>
    </ClInclude>
    <ClInclude Include="NonNegativeExpression.h">
      <Filter>Header Files\Expressions</Filter>
    </ClInclude>
    <ClInclude Include="ShallowExpression.h">
      <Filter>Header Files\Expressions</Filter>
    </ClInclude>
    <ClInclude Include="ReturnStatement.h">
      <Filter>Header Files\Statements</Filter>
    </ClInclude>
    <ClInclude Include="NonEmptyExpression.h">
      <Filter>Header Files\Expressions</Filter>
    </ClInclude>
    <ClInclude Include="EmptyStatement.h">
      <Filter>Header Files\Statements</Filter>
    </ClInclude>
    <ClInclude Include="BreakStatement.h">
      <Filter>Header Files\Statements</Filter>
    </ClInclude>
    <ClInclude Include="ExpressionStatement.h">
      <Filter>Header Files\Statements</Filter>
    </ClInclude>
    <ClInclude Include="IfElseStatement.h">
      <Filter>Header Files\Statements</Filter>
    </ClInclude>
    <ClInclude Include="ThrowStatement.h">
      <Filter>Header Files\Statements</Filter>
    </ClInclude>
    <ClInclude Include="LoopControlExpression.h">
      <Filter>Header Files\Expressions</Filter>
    </ClInclude>
    <ClInclude Include="LoopStatement.h">
      <Filter>Header Files\Statements</Filter>
    </ClInclude>
    <ClInclude Include="BreakableStatement.h">
      <Filter>Header Files\Statements</Filter>
    </ClInclude>
    <ClInclude Include="ForLoopStatement.h">
      <Filter>Header Files\Statements</Filter>
    </ClInclude>
    <ClInclude Include="GenericLiteral.h">
      <Filter>Header Files\Expressions</Filter>
    </ClInclude>
  </ItemGroup>
  <ItemGroup>
    <ClCompile Include="Program.cpp">
      <Filter>Source Files</Filter>
    </ClCompile>
    <ClCompile Include="Global.cpp">
      <Filter>Source Files</Filter>
    </ClCompile>
    <ClCompile Include="Memory.cpp">
      <Filter>Source Files</Filter>
    </ClCompile>
    <ClCompile Include="Operator.cpp">
      <Filter>Source Files\Operators</Filter>
    </ClCompile>
    <ClCompile Include="BinaryExpression.cpp">
      <Filter>Source Files\Expressions</Filter>
    </ClCompile>
    <ClCompile Include="Block.cpp">
      <Filter>Source Files\Statements</Filter>
    </ClCompile>
    <ClCompile Include="UnaryExpression.cpp">
      <Filter>Source Files\Expressions</Filter>
    </ClCompile>
    <ClCompile Include="ProgramFactory.cpp">
      <Filter>Source Files</Filter>
    </ClCompile>
    <ClCompile Include="main.cpp">
      <Filter>Source Files</Filter>
    </ClCompile>
    <ClCompile Include="RandomUtility.cpp">
      <Filter>Source Files</Filter>
    </ClCompile>
    <ClCompile Include="OutputStatement.cpp">
      <Filter>Source Files\Statements</Filter>
    </ClCompile>
    <ClCompile Include="VariableExpression.cpp">
      <Filter>Source Files\Expressions</Filter>
    </ClCompile>
    <ClCompile Include="VariableDeclaration.cpp">
      <Filter>Source Files\Statements</Filter>
    </ClCompile>
    <ClCompile Include="IScope.cpp">
      <Filter>Source Files</Filter>
    </ClCompile>
    <ClCompile Include="TokenSelector.cpp">
      <Filter>Source Files</Filter>
    </ClCompile>
    <ClCompile Include="Variable.cpp">
      <Filter>Source Files</Filter>
    </ClCompile>
    <ClCompile Include="VariableSelector.cpp">
      <Filter>Source Files</Filter>
    </ClCompile>
    <ClCompile Include="TernaryExpression.cpp">
      <Filter>Source Files\Expressions</Filter>
    </ClCompile>
    <ClCompile Include="EvalExpression.cpp">
      <Filter>Source Files\Expressions</Filter>
    </ClCompile>
    <ClCompile Include="VariableInvocationExpression.cpp">
      <Filter>Source Files\Expressions</Filter>
    </ClCompile>
    <ClCompile Include="FunctionInvocationExpression.cpp">
      <Filter>Source Files\Expressions</Filter>
    </ClCompile>
    <ClCompile Include="FunctionExpression.cpp">
      <Filter>Source Files\Expressions</Filter>
    </ClCompile>
    <ClCompile Include="ObjectSetExpression.cpp">
      <Filter>Source Files\Expressions</Filter>
    </ClCompile>
    <ClCompile Include="ObjectConstructorExpression.cpp">
      <Filter>Source Files\Expressions</Filter>
    </ClCompile>
    <ClCompile Include="AssignmentExpression.cpp">
      <Filter>Source Files\Expressions</Filter>
    </ClCompile>
    <ClCompile Include="TryCatchStatement.cpp">
      <Filter>Source Files\Statements</Filter>
    </ClCompile>
    <ClCompile Include="GlobalFunctionExpression.cpp">
      <Filter>Source Files\Expressions</Filter>
    </ClCompile>
    <ClCompile Include="ObjectLiteral.cpp">
      <Filter>Source Files\Expressions</Filter>
    </ClCompile>
    <ClCompile Include="FunctionBody.cpp">
      <Filter>Source Files\Statements</Filter>
    </ClCompile>
    <ClCompile Include="NumericExpression.cpp">
      <Filter>Source Files\Expressions</Filter>
    </ClCompile>
    <ClCompile Include="ReturnStatement.cpp">
      <Filter>Source Files\Statements</Filter>
    </ClCompile>
    <ClCompile Include="NonEmptyExpression.cpp">
      <Filter>Source Files\Expressions</Filter>
    </ClCompile>
    <ClCompile Include="IfElseStatement.cpp">
      <Filter>Source Files\Statements</Filter>
    </ClCompile>
    <ClCompile Include="ThrowStatement.cpp">
      <Filter>Source Files\Statements</Filter>
    </ClCompile>
    <ClCompile Include="LoopControlExpression.cpp">
      <Filter>Source Files\Expressions</Filter>
    </ClCompile>
    <ClCompile Include="BreakableStatement.cpp">
      <Filter>Source Files\Statements</Filter>
    </ClCompile>
    <ClCompile Include="ForLoopStatement.cpp">
      <Filter>Source Files\Statements</Filter>
    </ClCompile>
  </ItemGroup>
</Project>