
Microsoft Visual Studio Solution File, Format Version 12.00
# Visual Studio 15
VisualStudioVersion = 15.0.27130.2027
MinimumVisualStudioVersion = 10.0.40219.1
Project("{FAE04EC0-301F-11D3-BF4B-00C04F79EFBC}") = "Tevador.RandomJS", "Tevador.RandomJS\Tevador.RandomJS.csproj", "{B6F4601B-317B-4B98-984B-6ECEBF77B3DE}"
EndProject
Project("{FAE04EC0-301F-11D3-BF4B-00C04F79EFBC}") = "Tevador.RandomJS.Crypto", "Tevador.RandomJS.Crypto\Tevador.RandomJS.Crypto.csproj", "{9EF4E92A-8F13-4EFE-BC6E-5B8EA52E9842}"
EndProject
Global
	GlobalSection(SolutionConfigurationPlatforms) = preSolution
		Debug|Any CPU = Debug|Any CPU
		Release|Any CPU = Release|Any CPU
	EndGlobalSection
	GlobalSection(ProjectConfigurationPlatforms) = postSolution
		{B6F4601B-317B-4B98-984B-6ECEBF77B3DE}.Debug|Any CPU.ActiveCfg = Debug|Any CPU
		{B6F4601B-317B-4B98-984B-6ECEBF77B3DE}.Debug|Any CPU.Build.0 = Debug|Any CPU
		{B6F4601B-317B-4B98-984B-6ECEBF77B3DE}.Release|Any CPU.ActiveCfg = Release|Any CPU
		{B6F4601B-317B-4B98-984B-6ECEBF77B3DE}.Release|Any CPU.Build.0 = Release|Any CPU
		{9EF4E92A-8F13-4EFE-BC6E-5B8EA52E9842}.Debug|Any CPU.ActiveCfg = Debug|Any CPU
		{9EF4E92A-8F13-4EFE-BC6E-5B8EA52E9842}.Debug|Any CPU.Build.0 = Debug|Any CPU
		{9EF4E92A-8F13-4EFE-BC6E-5B8EA52E9842}.Release|Any CPU.ActiveCfg = Release|Any CPU
		{9EF4E92A-8F13-4EFE-BC6E-5B8EA52E9842}.Release|Any CPU.Build.0 = Release|Any CPU
	EndGlobalSection
	GlobalSection(SolutionProperties) = preSolution
		HideSolutionNode = FALSE
	EndGlobalSection
	GlobalSection(ExtensibilityGlobals) = postSolution
		SolutionGuid = {80AFEEC5-4F28-42C0-9553-19EB6462A7B6}
	EndGlobalSection
EndGlobal
